
Microsoft Visual Studio Solution File, Format Version 12.00
# Visual Studio Version 16
VisualStudioVersion = 16.0.30611.23
MinimumVisualStudioVersion = 10.0.40219.1
Project("{FAE04EC0-301F-11D3-BF4B-00C04F79EFBC}") = "Generator", "MazeGenerator\Generator.csproj", "{90E50E8A-062F-4811-9A0D-7D0A5F817717}"
EndProject
Global
	GlobalSection(SolutionConfigurationPlatforms) = preSolution
		Debug|Any CPU = Debug|Any CPU
		Release|Any CPU = Release|Any CPU
	EndGlobalSection
	GlobalSection(ProjectConfigurationPlatforms) = postSolution
		{90E50E8A-062F-4811-9A0D-7D0A5F817717}.Debug|Any CPU.ActiveCfg = Debug|Any CPU
		{90E50E8A-062F-4811-9A0D-7D0A5F817717}.Debug|Any CPU.Build.0 = Debug|Any CPU
		{90E50E8A-062F-4811-9A0D-7D0A5F817717}.Release|Any CPU.ActiveCfg = Release|Any CPU
		{90E50E8A-062F-4811-9A0D-7D0A5F817717}.Release|Any CPU.Build.0 = Release|Any CPU
	EndGlobalSection
	GlobalSection(SolutionProperties) = preSolution
		HideSolutionNode = FALSE
	EndGlobalSection
	GlobalSection(ExtensibilityGlobals) = postSolution
		SolutionGuid = {4D5D574F-2A29-4F1E-BFA1-BCAEF9D6C2C3}
	EndGlobalSection
EndGlobal
